
Microsoft Visual Studio Solution File, Format Version 12.00
# Visual Studio 15
VisualStudioVersion = 15.0.27130.2027
MinimumVisualStudioVersion = 10.0.40219.1
Project("{9A19103F-16F7-4668-BE54-9A1E7A4F7556}") = "TaskManager", "TaskManager\TaskManager.csproj", "{85F9036A-42EE-4379-8895-9BCE2A2E8A6A}"
EndProject
Project("{FAE04EC0-301F-11D3-BF4B-00C04F79EFBC}") = "Models", "Models\Models.csproj", "{06AA2F59-01B2-444C-9BD3-60CD5C09A991}"
EndProject
Global
	GlobalSection(SolutionConfigurationPlatforms) = preSolution
		Debug|Any CPU = Debug|Any CPU
		Release|Any CPU = Release|Any CPU
	EndGlobalSection
	GlobalSection(ProjectConfigurationPlatforms) = postSolution
		{85F9036A-42EE-4379-8895-9BCE2A2E8A6A}.Debug|Any CPU.ActiveCfg = Debug|Any CPU
		{85F9036A-42EE-4379-8895-9BCE2A2E8A6A}.Debug|Any CPU.Build.0 = Debug|Any CPU
		{85F9036A-42EE-4379-8895-9BCE2A2E8A6A}.Release|Any CPU.ActiveCfg = Release|Any CPU
		{85F9036A-42EE-4379-8895-9BCE2A2E8A6A}.Release|Any CPU.Build.0 = Release|Any CPU
		{06AA2F59-01B2-444C-9BD3-60CD5C09A991}.Debug|Any CPU.ActiveCfg = Debug|Any CPU
		{06AA2F59-01B2-444C-9BD3-60CD5C09A991}.Debug|Any CPU.Build.0 = Debug|Any CPU
		{06AA2F59-01B2-444C-9BD3-60CD5C09A991}.Release|Any CPU.ActiveCfg = Release|Any CPU
		{06AA2F59-01B2-444C-9BD3-60CD5C09A991}.Release|Any CPU.Build.0 = Release|Any CPU
	EndGlobalSection
	GlobalSection(SolutionProperties) = preSolution
		HideSolutionNode = FALSE
	EndGlobalSection
	GlobalSection(ExtensibilityGlobals) = postSolution
		SolutionGuid = {F3163130-9ED4-442B-86BA-8E6DDB89C88C}
	EndGlobalSection
EndGlobal
